
Microsoft Visual Studio Solution File, Format Version 12.00
# Visual Studio Version 17
VisualStudioVersion = 17.9.34728.123
MinimumVisualStudioVersion = 10.0.40219.1
Project("{FAE04EC0-301F-11D3-BF4B-00C04F79EFBC}") = "UNFYD_TaskVinayak", "UNFYD_TaskVinayak\UNFYD_TaskVinayak.csproj", "{1D7B239C-A994-4C9E-8769-5F94D817BF12}"
EndProject
Global
	GlobalSection(SolutionConfigurationPlatforms) = preSolution
		Debug|Any CPU = Debug|Any CPU
		Release|Any CPU = Release|Any CPU
	EndGlobalSection
	GlobalSection(ProjectConfigurationPlatforms) = postSolution
		{1D7B239C-A994-4C9E-8769-5F94D817BF12}.Debug|Any CPU.ActiveCfg = Debug|Any CPU
		{1D7B239C-A994-4C9E-8769-5F94D817BF12}.Debug|Any CPU.Build.0 = Debug|Any CPU
		{1D7B239C-A994-4C9E-8769-5F94D817BF12}.Release|Any CPU.ActiveCfg = Release|Any CPU
		{1D7B239C-A994-4C9E-8769-5F94D817BF12}.Release|Any CPU.Build.0 = Release|Any CPU
	EndGlobalSection
	GlobalSection(SolutionProperties) = preSolution
		HideSolutionNode = FALSE
	EndGlobalSection
	GlobalSection(ExtensibilityGlobals) = postSolution
		SolutionGuid = {CB94F627-DB04-4B15-A04A-90D8B031E543}
	EndGlobalSection
EndGlobal
